
Microsoft Visual Studio Solution File, Format Version 11.00
# Visual Studio 2010
Project("{FAE04EC0-301F-11D3-BF4B-00C04F79EFBC}") = "Jericho.MVC", "Jericho.MVC\Jericho.MVC.csproj", "{BC39A33F-D077-4483-B0F2-07A5C90F9F08}"
EndProject
Project("{FAE04EC0-301F-11D3-BF4B-00C04F79EFBC}") = "Jericho.Core", "Jericho.Core\Jericho.Core.csproj", "{3CEAC78B-5F5F-4F85-9E33-DDF6C26221C6}"
EndProject
Project("{FAE04EC0-301F-11D3-BF4B-00C04F79EFBC}") = "Jericho.CompositionRoot", "Jericho.CompositionRoot\Jericho.CompositionRoot.csproj", "{BD583F93-17C8-4BE5-97A5-CE5F070A1DCB}"
EndProject
Project("{FAE04EC0-301F-11D3-BF4B-00C04F79EFBC}") = "Jericho.Nhibernate", "Jericho.Nhibernate\Jericho.Nhibernate.csproj", "{BE8EE06C-84D6-4415-B5D1-CDA12E05FE55}"
EndProject
Project("{2150E333-8FDC-42A3-9474-1A3956D46DE8}") = "Infrastructure", "Infrastructure", "{95E6A84F-46B3-431D-B0DD-1AD9DA6CBC75}"
EndProject
Project("{2150E333-8FDC-42A3-9474-1A3956D46DE8}") = "Core", "Core", "{7863996F-FE54-4E0A-8915-F1EE3BBB67AC}"
EndProject
Project("{2150E333-8FDC-42A3-9474-1A3956D46DE8}") = "UI", "UI", "{E0A59FA9-8BD6-4BDB-AF1A-3C46189283F6}"
EndProject
Project("{FAE04EC0-301F-11D3-BF4B-00C04F79EFBC}") = "Jericho.CommandProcessor", "Jericho.CommandProcessor\Jericho.CommandProcessor.csproj", "{816841A1-E75C-480E-9843-E80555A40159}"
EndProject
Project("{FAE04EC0-301F-11D3-BF4B-00C04F79EFBC}") = "StructureMap.AutoFactory", "C:\Users\Alexander.Tank\Downloads\structuremap-structuremap-v2.6.3-23-gcd15ad0\structuremap-structuremap-cd15ad0\Source\StructureMap.AutoFactory\StructureMap.AutoFactory.csproj", "{3C6A4946-3CD9-4B74-87C5-A06EF49920FA}"
EndProject
Global
	GlobalSection(SolutionConfigurationPlatforms) = preSolution
		Debug|Any CPU = Debug|Any CPU
		Debug|Mixed Platforms = Debug|Mixed Platforms
		Debug|x86 = Debug|x86
		Release|Any CPU = Release|Any CPU
		Release|Mixed Platforms = Release|Mixed Platforms
		Release|x86 = Release|x86
	EndGlobalSection
	GlobalSection(ProjectConfigurationPlatforms) = postSolution
		{BC39A33F-D077-4483-B0F2-07A5C90F9F08}.Debug|Any CPU.ActiveCfg = Debug|Any CPU
		{BC39A33F-D077-4483-B0F2-07A5C90F9F08}.Debug|Any CPU.Build.0 = Debug|Any CPU
		{BC39A33F-D077-4483-B0F2-07A5C90F9F08}.Debug|Mixed Platforms.ActiveCfg = Debug|Any CPU
		{BC39A33F-D077-4483-B0F2-07A5C90F9F08}.Debug|Mixed Platforms.Build.0 = Debug|Any CPU
		{BC39A33F-D077-4483-B0F2-07A5C90F9F08}.Debug|x86.ActiveCfg = Debug|Any CPU
		{BC39A33F-D077-4483-B0F2-07A5C90F9F08}.Release|Any CPU.ActiveCfg = Release|Any CPU
		{BC39A33F-D077-4483-B0F2-07A5C90F9F08}.Release|Any CPU.Build.0 = Release|Any CPU
		{BC39A33F-D077-4483-B0F2-07A5C90F9F08}.Release|Mixed Platforms.ActiveCfg = Release|Any CPU
		{BC39A33F-D077-4483-B0F2-07A5C90F9F08}.Release|Mixed Platforms.Build.0 = Release|Any CPU
		{BC39A33F-D077-4483-B0F2-07A5C90F9F08}.Release|x86.ActiveCfg = Release|Any CPU
		{3CEAC78B-5F5F-4F85-9E33-DDF6C26221C6}.Debug|Any CPU.ActiveCfg = Debug|Any CPU
		{3CEAC78B-5F5F-4F85-9E33-DDF6C26221C6}.Debug|Any CPU.Build.0 = Debug|Any CPU
		{3CEAC78B-5F5F-4F85-9E33-DDF6C26221C6}.Debug|Mixed Platforms.ActiveCfg = Debug|Any CPU
		{3CEAC78B-5F5F-4F85-9E33-DDF6C26221C6}.Debug|Mixed Platforms.Build.0 = Debug|Any CPU
		{3CEAC78B-5F5F-4F85-9E33-DDF6C26221C6}.Debug|x86.ActiveCfg = Debug|Any CPU
		{3CEAC78B-5F5F-4F85-9E33-DDF6C26221C6}.Release|Any CPU.ActiveCfg = Release|Any CPU
		{3CEAC78B-5F5F-4F85-9E33-DDF6C26221C6}.Release|Any CPU.Build.0 = Release|Any CPU
		{3CEAC78B-5F5F-4F85-9E33-DDF6C26221C6}.Release|Mixed Platforms.ActiveCfg = Release|Any CPU
		{3CEAC78B-5F5F-4F85-9E33-DDF6C26221C6}.Release|Mixed Platforms.Build.0 = Release|Any CPU
		{3CEAC78B-5F5F-4F85-9E33-DDF6C26221C6}.Release|x86.ActiveCfg = Release|Any CPU
		{BD583F93-17C8-4BE5-97A5-CE5F070A1DCB}.Debug|Any CPU.ActiveCfg = Debug|Any CPU
		{BD583F93-17C8-4BE5-97A5-CE5F070A1DCB}.Debug|Any CPU.Build.0 = Debug|Any CPU
		{BD583F93-17C8-4BE5-97A5-CE5F070A1DCB}.Debug|Mixed Platforms.ActiveCfg = Debug|Any CPU
		{BD583F93-17C8-4BE5-97A5-CE5F070A1DCB}.Debug|Mixed Platforms.Build.0 = Debug|Any CPU
		{BD583F93-17C8-4BE5-97A5-CE5F070A1DCB}.Debug|x86.ActiveCfg = Debug|Any CPU
		{BD583F93-17C8-4BE5-97A5-CE5F070A1DCB}.Release|Any CPU.ActiveCfg = Release|Any CPU
		{BD583F93-17C8-4BE5-97A5-CE5F070A1DCB}.Release|Any CPU.Build.0 = Release|Any CPU
		{BD583F93-17C8-4BE5-97A5-CE5F070A1DCB}.Release|Mixed Platforms.ActiveCfg = Release|Any CPU
		{BD583F93-17C8-4BE5-97A5-CE5F070A1DCB}.Release|Mixed Platforms.Build.0 = Release|Any CPU
		{BD583F93-17C8-4BE5-97A5-CE5F070A1DCB}.Release|x86.ActiveCfg = Release|Any CPU
		{BE8EE06C-84D6-4415-B5D1-CDA12E05FE55}.Debug|Any CPU.ActiveCfg = Debug|Any CPU
		{BE8EE06C-84D6-4415-B5D1-CDA12E05FE55}.Debug|Any CPU.Build.0 = Debug|Any CPU
		{BE8EE06C-84D6-4415-B5D1-CDA12E05FE55}.Debug|Mixed Platforms.ActiveCfg = Debug|Any CPU
		{BE8EE06C-84D6-4415-B5D1-CDA12E05FE55}.Debug|Mixed Platforms.Build.0 = Debug|Any CPU
		{BE8EE06C-84D6-4415-B5D1-CDA12E05FE55}.Debug|x86.ActiveCfg = Debug|Any CPU
		{BE8EE06C-84D6-4415-B5D1-CDA12E05FE55}.Release|Any CPU.ActiveCfg = Release|Any CPU
		{BE8EE06C-84D6-4415-B5D1-CDA12E05FE55}.Release|Any CPU.Build.0 = Release|Any CPU
		{BE8EE06C-84D6-4415-B5D1-CDA12E05FE55}.Release|Mixed Platforms.ActiveCfg = Release|Any CPU
		{BE8EE06C-84D6-4415-B5D1-CDA12E05FE55}.Release|Mixed Platforms.Build.0 = Release|Any CPU
		{BE8EE06C-84D6-4415-B5D1-CDA12E05FE55}.Release|x86.ActiveCfg = Release|Any CPU
		{816841A1-E75C-480E-9843-E80555A40159}.Debug|Any CPU.ActiveCfg = Debug|x86
		{816841A1-E75C-480E-9843-E80555A40159}.Debug|Mixed Platforms.ActiveCfg = Debug|x86
		{816841A1-E75C-480E-9843-E80555A40159}.Debug|Mixed Platforms.Build.0 = Debug|x86
		{816841A1-E75C-480E-9843-E80555A40159}.Debug|x86.ActiveCfg = Debug|x86
		{816841A1-E75C-480E-9843-E80555A40159}.Debug|x86.Build.0 = Debug|x86
		{816841A1-E75C-480E-9843-E80555A40159}.Release|Any CPU.ActiveCfg = Release|x86
		{816841A1-E75C-480E-9843-E80555A40159}.Release|Mixed Platforms.ActiveCfg = Release|x86
		{816841A1-E75C-480E-9843-E80555A40159}.Release|Mixed Platforms.Build.0 = Release|x86
		{816841A1-E75C-480E-9843-E80555A40159}.Release|x86.ActiveCfg = Release|x86
		{816841A1-E75C-480E-9843-E80555A40159}.Release|x86.Build.0 = Release|x86
		{3C6A4946-3CD9-4B74-87C5-A06EF49920FA}.Debug|Any CPU.ActiveCfg = Debug|Any CPU
		{3C6A4946-3CD9-4B74-87C5-A06EF49920FA}.Debug|Any CPU.Build.0 = Debug|Any CPU
		{3C6A4946-3CD9-4B74-87C5-A06EF49920FA}.Debug|Mixed Platforms.ActiveCfg = Debug|Any CPU
		{3C6A4946-3CD9-4B74-87C5-A06EF49920FA}.Debug|Mixed Platforms.Build.0 = Debug|Any CPU
		{3C6A4946-3CD9-4B74-87C5-A06EF49920FA}.Debug|x86.ActiveCfg = Debug|Any CPU
		{3C6A4946-3CD9-4B74-87C5-A06EF49920FA}.Release|Any CPU.ActiveCfg = Release|Any CPU
		{3C6A4946-3CD9-4B74-87C5-A06EF49920FA}.Release|Any CPU.Build.0 = Release|Any CPU
		{3C6A4946-3CD9-4B74-87C5-A06EF49920FA}.Release|Mixed Platforms.ActiveCfg = Release|Any CPU
		{3C6A4946-3CD9-4B74-87C5-A06EF49920FA}.Release|Mixed Platforms.Build.0 = Release|Any CPU
		{3C6A4946-3CD9-4B74-87C5-A06EF49920FA}.Release|x86.ActiveCfg = Release|Any CPU
	EndGlobalSection
	GlobalSection(SolutionProperties) = preSolution
		HideSolutionNode = FALSE
	EndGlobalSection
	GlobalSection(NestedProjects) = preSolution
		{BC39A33F-D077-4483-B0F2-07A5C90F9F08} = {E0A59FA9-8BD6-4BDB-AF1A-3C46189283F6}
		{3CEAC78B-5F5F-4F85-9E33-DDF6C26221C6} = {7863996F-FE54-4E0A-8915-F1EE3BBB67AC}
		{BE8EE06C-84D6-4415-B5D1-CDA12E05FE55} = {95E6A84F-46B3-431D-B0DD-1AD9DA6CBC75}
		{816841A1-E75C-480E-9843-E80555A40159} = {95E6A84F-46B3-431D-B0DD-1AD9DA6CBC75}
	EndGlobalSection
EndGlobal
